
Microsoft Visual Studio Solution File, Format Version 12.00
# Visual Studio Version 16
VisualStudioVersion = 16.0.31205.134
MinimumVisualStudioVersion = 10.0.40219.1
Project("{FAE04EC0-301F-11D3-BF4B-00C04F79EFBC}") = "TicTacToe", "TicTacToe\TicTacToe.csproj", "{2073C23A-12F8-4662-AF33-5535F5D1ADD1}"
EndProject
Project("{FAE04EC0-301F-11D3-BF4B-00C04F79EFBC}") = "TicTacToe.Tests", "TicTacToe.Tests\TicTacToe.Tests.csproj", "{1A342D40-3036-4190-84BE-FA928C708368}"
EndProject
Global
	GlobalSection(SolutionConfigurationPlatforms) = preSolution
		Debug|Any CPU = Debug|Any CPU
		Release|Any CPU = Release|Any CPU
	EndGlobalSection
	GlobalSection(ProjectConfigurationPlatforms) = postSolution
		{2073C23A-12F8-4662-AF33-5535F5D1ADD1}.Debug|Any CPU.ActiveCfg = Debug|Any CPU
		{2073C23A-12F8-4662-AF33-5535F5D1ADD1}.Debug|Any CPU.Build.0 = Debug|Any CPU
		{2073C23A-12F8-4662-AF33-5535F5D1ADD1}.Release|Any CPU.ActiveCfg = Release|Any CPU
		{2073C23A-12F8-4662-AF33-5535F5D1ADD1}.Release|Any CPU.Build.0 = Release|Any CPU
		{1A342D40-3036-4190-84BE-FA928C708368}.Debug|Any CPU.ActiveCfg = Debug|Any CPU
		{1A342D40-3036-4190-84BE-FA928C708368}.Debug|Any CPU.Build.0 = Debug|Any CPU
		{1A342D40-3036-4190-84BE-FA928C708368}.Release|Any CPU.ActiveCfg = Release|Any CPU
		{1A342D40-3036-4190-84BE-FA928C708368}.Release|Any CPU.Build.0 = Release|Any CPU
	EndGlobalSection
	GlobalSection(SolutionProperties) = preSolution
		HideSolutionNode = FALSE
	EndGlobalSection
	GlobalSection(ExtensibilityGlobals) = postSolution
		SolutionGuid = {0D990A5A-B597-4A3D-8373-79530661D8E7}
	EndGlobalSection
EndGlobal
